
Microsoft Visual Studio Solution File, Format Version 12.00
# Visual Studio Version 17
Project("{2150E333-8FDC-42A3-9474-1A3956D46DE8}") = "CMakePredefinedTargets", "CMakePredefinedTargets", "{5414BB6C-254F-355C-BE26-EA31B7F1D079}"
EndProject
Project("{2150E333-8FDC-42A3-9474-1A3956D46DE8}") = "External", "External", "{88B74EB3-9084-3828-B6C3-0A39B839077F}"
EndProject
Project("{2150E333-8FDC-42A3-9474-1A3956D46DE8}") = "Internal", "Internal", "{F1EEB237-0BA3-3B04-9051-CCA9201B4B53}"
EndProject
Project("{8BC9CEB8-8B4A-11D0-8D11-00A0C91BC942}") = "ALL_BUILD", "ALL_BUILD.vcxproj", "{0AFBA98E-396C-36C7-8E7E-AC380F3837A4}"
	ProjectSection(ProjectDependencies) = postProject
		{649F2954-8310-3B28-8875-D059CB33F8A3} = {649F2954-8310-3B28-8875-D059CB33F8A3}
		{CA23B7DC-7AF4-358A-83C1-1FFA1ECD325E} = {CA23B7DC-7AF4-358A-83C1-1FFA1ECD325E}
		{B55077CC-C6C1-3931-BB7A-4BD605F5F478} = {B55077CC-C6C1-3931-BB7A-4BD605F5F478}
		{C827A62E-1B6F-359D-89C4-04F0A31A84D4} = {C827A62E-1B6F-359D-89C4-04F0A31A84D4}
		{90D92168-8116-32DD-A75B-5E21C1552BF0} = {90D92168-8116-32DD-A75B-5E21C1552BF0}
		{D91C8D31-D6EB-3FC3-A65F-236E971F5CF9} = {D91C8D31-D6EB-3FC3-A65F-236E971F5CF9}
		{083071EA-7B3D-3860-B67F-77D7BB07D3CC} = {083071EA-7B3D-3860-B67F-77D7BB07D3CC}
		{43CF3771-E988-3E7E-A4BA-24732948AD62} = {43CF3771-E988-3E7E-A4BA-24732948AD62}
		{43900513-D4B7-33FD-9B91-37A1C44BB001} = {43900513-D4B7-33FD-9B91-37A1C44BB001}
		{C28998C4-A9D6-383F-9C0A-4003B134FBFD} = {C28998C4-A9D6-383F-9C0A-4003B134FBFD}
		{3CBF681E-887F-3339-83FB-182BE88A74AD} = {3CBF681E-887F-3339-83FB-182BE88A74AD}
		{28AB1FCA-8229-33AA-8051-358144815E2C} = {28AB1FCA-8229-33AA-8051-358144815E2C}
		{B2853EF1-1463-34FC-8131-C78625646FC1} = {B2853EF1-1463-34FC-8131-C78625646FC1}
	EndProjectSection
EndProject
Project("{8BC9CEB8-8B4A-11D0-8D11-00A0C91BC942}") = "ZERO_CHECK", "..\..\..\\ZERO_CHECK.vcxproj", "{649F2954-8310-3B28-8875-D059CB33F8A3}"
	ProjectSection(ProjectDependencies) = postProject
	EndProjectSection
EndProject
Project("{8BC9CEB8-8B4A-11D0-8D11-00A0C91BC942}") = "cocos2d", "cocos2d.vcxproj", "{CA23B7DC-7AF4-358A-83C1-1FFA1ECD325E}"
	ProjectSection(ProjectDependencies) = postProject
		{649F2954-8310-3B28-8875-D059CB33F8A3} = {649F2954-8310-3B28-8875-D059CB33F8A3}
		{B55077CC-C6C1-3931-BB7A-4BD605F5F478} = {B55077CC-C6C1-3931-BB7A-4BD605F5F478}
		{C827A62E-1B6F-359D-89C4-04F0A31A84D4} = {C827A62E-1B6F-359D-89C4-04F0A31A84D4}
		{90D92168-8116-32DD-A75B-5E21C1552BF0} = {90D92168-8116-32DD-A75B-5E21C1552BF0}
		{D91C8D31-D6EB-3FC3-A65F-236E971F5CF9} = {D91C8D31-D6EB-3FC3-A65F-236E971F5CF9}
		{083071EA-7B3D-3860-B67F-77D7BB07D3CC} = {083071EA-7B3D-3860-B67F-77D7BB07D3CC}
		{43CF3771-E988-3E7E-A4BA-24732948AD62} = {43CF3771-E988-3E7E-A4BA-24732948AD62}
		{43900513-D4B7-33FD-9B91-37A1C44BB001} = {43900513-D4B7-33FD-9B91-37A1C44BB001}
		{C28998C4-A9D6-383F-9C0A-4003B134FBFD} = {C28998C4-A9D6-383F-9C0A-4003B134FBFD}
		{3CBF681E-887F-3339-83FB-182BE88A74AD} = {3CBF681E-887F-3339-83FB-182BE88A74AD}
		{28AB1FCA-8229-33AA-8051-358144815E2C} = {28AB1FCA-8229-33AA-8051-358144815E2C}
		{B2853EF1-1463-34FC-8131-C78625646FC1} = {B2853EF1-1463-34FC-8131-C78625646FC1}
	EndProjectSection
EndProject
Project("{8BC9CEB8-8B4A-11D0-8D11-00A0C91BC942}") = "ext_clipper", "..\..\external\clipper\ext_clipper.vcxproj", "{B55077CC-C6C1-3931-BB7A-4BD605F5F478}"
	ProjectSection(ProjectDependencies) = postProject
		{649F2954-8310-3B28-8875-D059CB33F8A3} = {649F2954-8310-3B28-8875-D059CB33F8A3}
	EndProjectSection
EndProject
Project("{8BC9CEB8-8B4A-11D0-8D11-00A0C91BC942}") = "ext_convertUTF", "..\..\external\ConvertUTF\ext_convertUTF.vcxproj", "{C827A62E-1B6F-359D-89C4-04F0A31A84D4}"
	ProjectSection(ProjectDependencies) = postProject
		{649F2954-8310-3B28-8875-D059CB33F8A3} = {649F2954-8310-3B28-8875-D059CB33F8A3}
	EndProjectSection
EndProject
Project("{8BC9CEB8-8B4A-11D0-8D11-00A0C91BC942}") = "ext_edtaa3func", "..\..\external\edtaa3func\ext_edtaa3func.vcxproj", "{90D92168-8116-32DD-A75B-5E21C1552BF0}"
	ProjectSection(ProjectDependencies) = postProject
		{649F2954-8310-3B28-8875-D059CB33F8A3} = {649F2954-8310-3B28-8875-D059CB33F8A3}
	EndProjectSection
EndProject
Project("{8BC9CEB8-8B4A-11D0-8D11-00A0C91BC942}") = "ext_md5", "..\..\external\md5\ext_md5.vcxproj", "{D91C8D31-D6EB-3FC3-A65F-236E971F5CF9}"
	ProjectSection(ProjectDependencies) = postProject
		{649F2954-8310-3B28-8875-D059CB33F8A3} = {649F2954-8310-3B28-8875-D059CB33F8A3}
	EndProjectSection
EndProject
Project("{8BC9CEB8-8B4A-11D0-8D11-00A0C91BC942}") = "ext_poly2tri", "..\..\external\poly2tri\ext_poly2tri.vcxproj", "{083071EA-7B3D-3860-B67F-77D7BB07D3CC}"
	ProjectSection(ProjectDependencies) = postProject
		{649F2954-8310-3B28-8875-D059CB33F8A3} = {649F2954-8310-3B28-8875-D059CB33F8A3}
	EndProjectSection
EndProject
Project("{8BC9CEB8-8B4A-11D0-8D11-00A0C91BC942}") = "ext_recast", "..\..\external\recast\ext_recast.vcxproj", "{43CF3771-E988-3E7E-A4BA-24732948AD62}"
	ProjectSection(ProjectDependencies) = postProject
		{649F2954-8310-3B28-8875-D059CB33F8A3} = {649F2954-8310-3B28-8875-D059CB33F8A3}
	EndProjectSection
EndProject
Project("{8BC9CEB8-8B4A-11D0-8D11-00A0C91BC942}") = "ext_tinyxml2", "..\..\external\tinyxml2\ext_tinyxml2.vcxproj", "{43900513-D4B7-33FD-9B91-37A1C44BB001}"
	ProjectSection(ProjectDependencies) = postProject
		{649F2954-8310-3B28-8875-D059CB33F8A3} = {649F2954-8310-3B28-8875-D059CB33F8A3}
	EndProjectSection
EndProject
Project("{8BC9CEB8-8B4A-11D0-8D11-00A0C91BC942}") = "ext_unzip", "..\..\external\unzip\ext_unzip.vcxproj", "{C28998C4-A9D6-383F-9C0A-4003B134FBFD}"
	ProjectSection(ProjectDependencies) = postProject
		{649F2954-8310-3B28-8875-D059CB33F8A3} = {649F2954-8310-3B28-8875-D059CB33F8A3}
	EndProjectSection
EndProject
Project("{8BC9CEB8-8B4A-11D0-8D11-00A0C91BC942}") = "ext_xxhash", "..\..\external\xxhash\ext_xxhash.vcxproj", "{3CBF681E-887F-3339-83FB-182BE88A74AD}"
	ProjectSection(ProjectDependencies) = postProject
		{649F2954-8310-3B28-8875-D059CB33F8A3} = {649F2954-8310-3B28-8875-D059CB33F8A3}
	EndProjectSection
EndProject
Project("{8BC9CEB8-8B4A-11D0-8D11-00A0C91BC942}") = "ext_xxtea", "..\..\external\xxtea\ext_xxtea.vcxproj", "{28AB1FCA-8229-33AA-8051-358144815E2C}"
	ProjectSection(ProjectDependencies) = postProject
		{649F2954-8310-3B28-8875-D059CB33F8A3} = {649F2954-8310-3B28-8875-D059CB33F8A3}
	EndProjectSection
EndProject
Project("{8BC9CEB8-8B4A-11D0-8D11-00A0C91BC942}") = "external", "..\..\external\external.vcxproj", "{B2853EF1-1463-34FC-8131-C78625646FC1}"
	ProjectSection(ProjectDependencies) = postProject
		{649F2954-8310-3B28-8875-D059CB33F8A3} = {649F2954-8310-3B28-8875-D059CB33F8A3}
		{B55077CC-C6C1-3931-BB7A-4BD605F5F478} = {B55077CC-C6C1-3931-BB7A-4BD605F5F478}
		{C827A62E-1B6F-359D-89C4-04F0A31A84D4} = {C827A62E-1B6F-359D-89C4-04F0A31A84D4}
		{90D92168-8116-32DD-A75B-5E21C1552BF0} = {90D92168-8116-32DD-A75B-5E21C1552BF0}
		{D91C8D31-D6EB-3FC3-A65F-236E971F5CF9} = {D91C8D31-D6EB-3FC3-A65F-236E971F5CF9}
		{083071EA-7B3D-3860-B67F-77D7BB07D3CC} = {083071EA-7B3D-3860-B67F-77D7BB07D3CC}
		{43CF3771-E988-3E7E-A4BA-24732948AD62} = {43CF3771-E988-3E7E-A4BA-24732948AD62}
		{43900513-D4B7-33FD-9B91-37A1C44BB001} = {43900513-D4B7-33FD-9B91-37A1C44BB001}
		{C28998C4-A9D6-383F-9C0A-4003B134FBFD} = {C28998C4-A9D6-383F-9C0A-4003B134FBFD}
		{3CBF681E-887F-3339-83FB-182BE88A74AD} = {3CBF681E-887F-3339-83FB-182BE88A74AD}
		{28AB1FCA-8229-33AA-8051-358144815E2C} = {28AB1FCA-8229-33AA-8051-358144815E2C}
	EndProjectSection
EndProject
Global
	GlobalSection(SolutionConfigurationPlatforms) = preSolution
		Debug|Win32 = Debug|Win32
		Release|Win32 = Release|Win32
		MinSizeRel|Win32 = MinSizeRel|Win32
		RelWithDebInfo|Win32 = RelWithDebInfo|Win32
	EndGlobalSection
	GlobalSection(ProjectConfigurationPlatforms) = postSolution
		{0AFBA98E-396C-36C7-8E7E-AC380F3837A4}.Debug|Win32.ActiveCfg = Debug|Win32
		{0AFBA98E-396C-36C7-8E7E-AC380F3837A4}.Release|Win32.ActiveCfg = Release|Win32
		{0AFBA98E-396C-36C7-8E7E-AC380F3837A4}.MinSizeRel|Win32.ActiveCfg = MinSizeRel|Win32
		{0AFBA98E-396C-36C7-8E7E-AC380F3837A4}.RelWithDebInfo|Win32.ActiveCfg = RelWithDebInfo|Win32
		{649F2954-8310-3B28-8875-D059CB33F8A3}.Debug|Win32.ActiveCfg = Debug|Win32
		{649F2954-8310-3B28-8875-D059CB33F8A3}.Debug|Win32.Build.0 = Debug|Win32
		{649F2954-8310-3B28-8875-D059CB33F8A3}.Release|Win32.ActiveCfg = Release|Win32
		{649F2954-8310-3B28-8875-D059CB33F8A3}.Release|Win32.Build.0 = Release|Win32
		{649F2954-8310-3B28-8875-D059CB33F8A3}.MinSizeRel|Win32.ActiveCfg = MinSizeRel|Win32
		{649F2954-8310-3B28-8875-D059CB33F8A3}.MinSizeRel|Win32.Build.0 = MinSizeRel|Win32
		{649F2954-8310-3B28-8875-D059CB33F8A3}.RelWithDebInfo|Win32.ActiveCfg = RelWithDebInfo|Win32
		{649F2954-8310-3B28-8875-D059CB33F8A3}.RelWithDebInfo|Win32.Build.0 = RelWithDebInfo|Win32
		{CA23B7DC-7AF4-358A-83C1-1FFA1ECD325E}.Debug|Win32.ActiveCfg = Debug|Win32
		{CA23B7DC-7AF4-358A-83C1-1FFA1ECD325E}.Debug|Win32.Build.0 = Debug|Win32
		{CA23B7DC-7AF4-358A-83C1-1FFA1ECD325E}.Release|Win32.ActiveCfg = Release|Win32
		{CA23B7DC-7AF4-358A-83C1-1FFA1ECD325E}.Release|Win32.Build.0 = Release|Win32
		{CA23B7DC-7AF4-358A-83C1-1FFA1ECD325E}.MinSizeRel|Win32.ActiveCfg = MinSizeRel|Win32
		{CA23B7DC-7AF4-358A-83C1-1FFA1ECD325E}.MinSizeRel|Win32.Build.0 = MinSizeRel|Win32
		{CA23B7DC-7AF4-358A-83C1-1FFA1ECD325E}.RelWithDebInfo|Win32.ActiveCfg = RelWithDebInfo|Win32
		{CA23B7DC-7AF4-358A-83C1-1FFA1ECD325E}.RelWithDebInfo|Win32.Build.0 = RelWithDebInfo|Win32
		{B55077CC-C6C1-3931-BB7A-4BD605F5F478}.Debug|Win32.ActiveCfg = Debug|Win32
		{B55077CC-C6C1-3931-BB7A-4BD605F5F478}.Debug|Win32.Build.0 = Debug|Win32
		{B55077CC-C6C1-3931-BB7A-4BD605F5F478}.Release|Win32.ActiveCfg = Release|Win32
		{B55077CC-C6C1-3931-BB7A-4BD605F5F478}.Release|Win32.Build.0 = Release|Win32
		{B55077CC-C6C1-3931-BB7A-4BD605F5F478}.MinSizeRel|Win32.ActiveCfg = MinSizeRel|Win32
		{B55077CC-C6C1-3931-BB7A-4BD605F5F478}.MinSizeRel|Win32.Build.0 = MinSizeRel|Win32
		{B55077CC-C6C1-3931-BB7A-4BD605F5F478}.RelWithDebInfo|Win32.ActiveCfg = RelWithDebInfo|Win32
		{B55077CC-C6C1-3931-BB7A-4BD605F5F478}.RelWithDebInfo|Win32.Build.0 = RelWithDebInfo|Win32
		{C827A62E-1B6F-359D-89C4-04F0A31A84D4}.Debug|Win32.ActiveCfg = Debug|Win32
		{C827A62E-1B6F-359D-89C4-04F0A31A84D4}.Debug|Win32.Build.0 = Debug|Win32
		{C827A62E-1B6F-359D-89C4-04F0A31A84D4}.Release|Win32.ActiveCfg = Release|Win32
		{C827A62E-1B6F-359D-89C4-04F0A31A84D4}.Release|Win32.Build.0 = Release|Win32
		{C827A62E-1B6F-359D-89C4-04F0A31A84D4}.MinSizeRel|Win32.ActiveCfg = MinSizeRel|Win32
		{C827A62E-1B6F-359D-89C4-04F0A31A84D4}.MinSizeRel|Win32.Build.0 = MinSizeRel|Win32
		{C827A62E-1B6F-359D-89C4-04F0A31A84D4}.RelWithDebInfo|Win32.ActiveCfg = RelWithDebInfo|Win32
		{C827A62E-1B6F-359D-89C4-04F0A31A84D4}.RelWithDebInfo|Win32.Build.0 = RelWithDebInfo|Win32
		{90D92168-8116-32DD-A75B-5E21C1552BF0}.Debug|Win32.ActiveCfg = Debug|Win32
		{90D92168-8116-32DD-A75B-5E21C1552BF0}.Debug|Win32.Build.0 = Debug|Win32
		{90D92168-8116-32DD-A75B-5E21C1552BF0}.Release|Win32.ActiveCfg = Release|Win32
		{90D92168-8116-32DD-A75B-5E21C1552BF0}.Release|Win32.Build.0 = Release|Win32
		{90D92168-8116-32DD-A75B-5E21C1552BF0}.MinSizeRel|Win32.ActiveCfg = MinSizeRel|Win32
		{90D92168-8116-32DD-A75B-5E21C1552BF0}.MinSizeRel|Win32.Build.0 = MinSizeRel|Win32
		{90D92168-8116-32DD-A75B-5E21C1552BF0}.RelWithDebInfo|Win32.ActiveCfg = RelWithDebInfo|Win32
		{90D92168-8116-32DD-A75B-5E21C1552BF0}.RelWithDebInfo|Win32.Build.0 = RelWithDebInfo|Win32
		{D91C8D31-D6EB-3FC3-A65F-236E971F5CF9}.Debug|Win32.ActiveCfg = Debug|Win32
		{D91C8D31-D6EB-3FC3-A65F-236E971F5CF9}.Debug|Win32.Build.0 = Debug|Win32
		{D91C8D31-D6EB-3FC3-A65F-236E971F5CF9}.Release|Win32.ActiveCfg = Release|Win32
		{D91C8D31-D6EB-3FC3-A65F-236E971F5CF9}.Release|Win32.Build.0 = Release|Win32
		{D91C8D31-D6EB-3FC3-A65F-236E971F5CF9}.MinSizeRel|Win32.ActiveCfg = MinSizeRel|Win32
		{D91C8D31-D6EB-3FC3-A65F-236E971F5CF9}.MinSizeRel|Win32.Build.0 = MinSizeRel|Win32
		{D91C8D31-D6EB-3FC3-A65F-236E971F5CF9}.RelWithDebInfo|Win32.ActiveCfg = RelWithDebInfo|Win32
		{D91C8D31-D6EB-3FC3-A65F-236E971F5CF9}.RelWithDebInfo|Win32.Build.0 = RelWithDebInfo|Win32
		{083071EA-7B3D-3860-B67F-77D7BB07D3CC}.Debug|Win32.ActiveCfg = Debug|Win32
		{083071EA-7B3D-3860-B67F-77D7BB07D3CC}.Debug|Win32.Build.0 = Debug|Win32
		{083071EA-7B3D-3860-B67F-77D7BB07D3CC}.Release|Win32.ActiveCfg = Release|Win32
		{083071EA-7B3D-3860-B67F-77D7BB07D3CC}.Release|Win32.Build.0 = Release|Win32
		{083071EA-7B3D-3860-B67F-77D7BB07D3CC}.MinSizeRel|Win32.ActiveCfg = MinSizeRel|Win32
		{083071EA-7B3D-3860-B67F-77D7BB07D3CC}.MinSizeRel|Win32.Build.0 = MinSizeRel|Win32
		{083071EA-7B3D-3860-B67F-77D7BB07D3CC}.RelWithDebInfo|Win32.ActiveCfg = RelWithDebInfo|Win32
		{083071EA-7B3D-3860-B67F-77D7BB07D3CC}.RelWithDebInfo|Win32.Build.0 = RelWithDebInfo|Win32
		{43CF3771-E988-3E7E-A4BA-24732948AD62}.Debug|Win32.ActiveCfg = Debug|Win32
		{43CF3771-E988-3E7E-A4BA-24732948AD62}.Debug|Win32.Build.0 = Debug|Win32
		{43CF3771-E988-3E7E-A4BA-24732948AD62}.Release|Win32.ActiveCfg = Release|Win32
		{43CF3771-E988-3E7E-A4BA-24732948AD62}.Release|Win32.Build.0 = Release|Win32
		{43CF3771-E988-3E7E-A4BA-24732948AD62}.MinSizeRel|Win32.ActiveCfg = MinSizeRel|Win32
		{43CF3771-E988-3E7E-A4BA-24732948AD62}.MinSizeRel|Win32.Build.0 = MinSizeRel|Win32
		{43CF3771-E988-3E7E-A4BA-24732948AD62}.RelWithDebInfo|Win32.ActiveCfg = RelWithDebInfo|Win32
		{43CF3771-E988-3E7E-A4BA-24732948AD62}.RelWithDebInfo|Win32.Build.0 = RelWithDebInfo|Win32
		{43900513-D4B7-33FD-9B91-37A1C44BB001}.Debug|Win32.ActiveCfg = Debug|Win32
		{43900513-D4B7-33FD-9B91-37A1C44BB001}.Debug|Win32.Build.0 = Debug|Win32
		{43900513-D4B7-33FD-9B91-37A1C44BB001}.Release|Win32.ActiveCfg = Release|Win32
		{43900513-D4B7-33FD-9B91-37A1C44BB001}.Release|Win32.Build.0 = Release|Win32
		{43900513-D4B7-33FD-9B91-37A1C44BB001}.MinSizeRel|Win32.ActiveCfg = MinSizeRel|Win32
		{43900513-D4B7-33FD-9B91-37A1C44BB001}.MinSizeRel|Win32.Build.0 = MinSizeRel|Win32
		{43900513-D4B7-33FD-9B91-37A1C44BB001}.RelWithDebInfo|Win32.ActiveCfg = RelWithDebInfo|Win32
		{43900513-D4B7-33FD-9B91-37A1C44BB001}.RelWithDebInfo|Win32.Build.0 = RelWithDebInfo|Win32
		{C28998C4-A9D6-383F-9C0A-4003B134FBFD}.Debug|Win32.ActiveCfg = Debug|Win32
		{C28998C4-A9D6-383F-9C0A-4003B134FBFD}.Debug|Win32.Build.0 = Debug|Win32
		{C28998C4-A9D6-383F-9C0A-4003B134FBFD}.Release|Win32.ActiveCfg = Release|Win32
		{C28998C4-A9D6-383F-9C0A-4003B134FBFD}.Release|Win32.Build.0 = Release|Win32
		{C28998C4-A9D6-383F-9C0A-4003B134FBFD}.MinSizeRel|Win32.ActiveCfg = MinSizeRel|Win32
		{C28998C4-A9D6-383F-9C0A-4003B134FBFD}.MinSizeRel|Win32.Build.0 = MinSizeRel|Win32
		{C28998C4-A9D6-383F-9C0A-4003B134FBFD}.RelWithDebInfo|Win32.ActiveCfg = RelWithDebInfo|Win32
		{C28998C4-A9D6-383F-9C0A-4003B134FBFD}.RelWithDebInfo|Win32.Build.0 = RelWithDebInfo|Win32
		{3CBF681E-887F-3339-83FB-182BE88A74AD}.Debug|Win32.ActiveCfg = Debug|Win32
		{3CBF681E-887F-3339-83FB-182BE88A74AD}.Debug|Win32.Build.0 = Debug|Win32
		{3CBF681E-887F-3339-83FB-182BE88A74AD}.Release|Win32.ActiveCfg = Release|Win32
		{3CBF681E-887F-3339-83FB-182BE88A74AD}.Release|Win32.Build.0 = Release|Win32
		{3CBF681E-887F-3339-83FB-182BE88A74AD}.MinSizeRel|Win32.ActiveCfg = MinSizeRel|Win32
		{3CBF681E-887F-3339-83FB-182BE88A74AD}.MinSizeRel|Win32.Build.0 = MinSizeRel|Win32
		{3CBF681E-887F-3339-83FB-182BE88A74AD}.RelWithDebInfo|Win32.ActiveCfg = RelWithDebInfo|Win32
		{3CBF681E-887F-3339-83FB-182BE88A74AD}.RelWithDebInfo|Win32.Build.0 = RelWithDebInfo|Win32
		{28AB1FCA-8229-33AA-8051-358144815E2C}.Debug|Win32.ActiveCfg = Debug|Win32
		{28AB1FCA-8229-33AA-8051-358144815E2C}.Debug|Win32.Build.0 = Debug|Win32
		{28AB1FCA-8229-33AA-8051-358144815E2C}.Release|Win32.ActiveCfg = Release|Win32
		{28AB1FCA-8229-33AA-8051-358144815E2C}.Release|Win32.Build.0 = Release|Win32
		{28AB1FCA-8229-33AA-8051-358144815E2C}.MinSizeRel|Win32.ActiveCfg = MinSizeRel|Win32
		{28AB1FCA-8229-33AA-8051-358144815E2C}.MinSizeRel|Win32.Build.0 = MinSizeRel|Win32
		{28AB1FCA-8229-33AA-8051-358144815E2C}.RelWithDebInfo|Win32.ActiveCfg = RelWithDebInfo|Win32
		{28AB1FCA-8229-33AA-8051-358144815E2C}.RelWithDebInfo|Win32.Build.0 = RelWithDebInfo|Win32
		{B2853EF1-1463-34FC-8131-C78625646FC1}.Debug|Win32.ActiveCfg = Debug|Win32
		{B2853EF1-1463-34FC-8131-C78625646FC1}.Debug|Win32.Build.0 = Debug|Win32
		{B2853EF1-1463-34FC-8131-C78625646FC1}.Release|Win32.ActiveCfg = Release|Win32
		{B2853EF1-1463-34FC-8131-C78625646FC1}.Release|Win32.Build.0 = Release|Win32
		{B2853EF1-1463-34FC-8131-C78625646FC1}.MinSizeRel|Win32.ActiveCfg = MinSizeRel|Win32
		{B2853EF1-1463-34FC-8131-C78625646FC1}.MinSizeRel|Win32.Build.0 = MinSizeRel|Win32
		{B2853EF1-1463-34FC-8131-C78625646FC1}.RelWithDebInfo|Win32.ActiveCfg = RelWithDebInfo|Win32
		{B2853EF1-1463-34FC-8131-C78625646FC1}.RelWithDebInfo|Win32.Build.0 = RelWithDebInfo|Win32
	EndGlobalSection
	GlobalSection(NestedProjects) = preSolution
		{0AFBA98E-396C-36C7-8E7E-AC380F3837A4} = {5414BB6C-254F-355C-BE26-EA31B7F1D079}
		{649F2954-8310-3B28-8875-D059CB33F8A3} = {5414BB6C-254F-355C-BE26-EA31B7F1D079}
		{B55077CC-C6C1-3931-BB7A-4BD605F5F478} = {88B74EB3-9084-3828-B6C3-0A39B839077F}
		{C827A62E-1B6F-359D-89C4-04F0A31A84D4} = {88B74EB3-9084-3828-B6C3-0A39B839077F}
		{90D92168-8116-32DD-A75B-5E21C1552BF0} = {88B74EB3-9084-3828-B6C3-0A39B839077F}
		{D91C8D31-D6EB-3FC3-A65F-236E971F5CF9} = {88B74EB3-9084-3828-B6C3-0A39B839077F}
		{083071EA-7B3D-3860-B67F-77D7BB07D3CC} = {88B74EB3-9084-3828-B6C3-0A39B839077F}
		{43CF3771-E988-3E7E-A4BA-24732948AD62} = {88B74EB3-9084-3828-B6C3-0A39B839077F}
		{43900513-D4B7-33FD-9B91-37A1C44BB001} = {88B74EB3-9084-3828-B6C3-0A39B839077F}
		{C28998C4-A9D6-383F-9C0A-4003B134FBFD} = {88B74EB3-9084-3828-B6C3-0A39B839077F}
		{3CBF681E-887F-3339-83FB-182BE88A74AD} = {88B74EB3-9084-3828-B6C3-0A39B839077F}
		{28AB1FCA-8229-33AA-8051-358144815E2C} = {88B74EB3-9084-3828-B6C3-0A39B839077F}
		{B2853EF1-1463-34FC-8131-C78625646FC1} = {88B74EB3-9084-3828-B6C3-0A39B839077F}
		{CA23B7DC-7AF4-358A-83C1-1FFA1ECD325E} = {F1EEB237-0BA3-3B04-9051-CCA9201B4B53}
	EndGlobalSection
	GlobalSection(ExtensibilityGlobals) = postSolution
		SolutionGuid = {018D0FA7-EAC4-3EA4-9BE8-FB606EDCCC98}
	EndGlobalSection
	GlobalSection(ExtensibilityAddIns) = postSolution
	EndGlobalSection
EndGlobal
